// !$*UTF8*$!
{
	archiveVersion = 1;
	classes = {
	};
	objectVersion = 56;
	objects = {

/* Begin PBXBuildFile section */
		5458C4902C9806F8007B7F27 /* AppDelegate.swift in Sources */ = {isa = PBXBuildFile; fileRef = 5458C48F2C9806F8007B7F27 /* AppDelegate.swift */; };
		5458C4922C9806F8007B7F27 /* SceneDelegate.swift in Sources */ = {isa = PBXBuildFile; fileRef = 5458C4912C9806F8007B7F27 /* SceneDelegate.swift */; };
		5458C4992C9806FA007B7F27 /* Assets.xcassets in Resources */ = {isa = PBXBuildFile; fileRef = 5458C4982C9806FA007B7F27 /* Assets.xcassets */; };
		5458C49C2C9806FA007B7F27 /* LaunchScreen.storyboard in Resources */ = {isa = PBXBuildFile; fileRef = 5458C49A2C9806FA007B7F27 /* LaunchScreen.storyboard */; };
		5458C4A42C980845007B7F27 /* MainTabBarViewController.swift in Sources */ = {isa = PBXBuildFile; fileRef = 5458C4A32C980845007B7F27 /* MainTabBarViewController.swift */; };
		5458C4A62C9809CE007B7F27 /* HomeViewController.swift in Sources */ = {isa = PBXBuildFile; fileRef = 5458C4A52C9809CE007B7F27 /* HomeViewController.swift */; };
		5458C4A82C980A6B007B7F27 /* MemberViewController.swift in Sources */ = {isa = PBXBuildFile; fileRef = 5458C4A72C980A6B007B7F27 /* MemberViewController.swift */; };
		5458C4AA2C980B03007B7F27 /* CartViewController.swift in Sources */ = {isa = PBXBuildFile; fileRef = 5458C4A92C980B03007B7F27 /* CartViewController.swift */; };
		5458C4AE2C981D1F007B7F27 /* CategoriesCell.swift in Sources */ = {isa = PBXBuildFile; fileRef = 5458C4AD2C981D1F007B7F27 /* CategoriesCell.swift */; };
		5458C4B22C982926007B7F27 /* CategoryElement.swift in Sources */ = {isa = PBXBuildFile; fileRef = 5458C4B12C982926007B7F27 /* CategoryElement.swift */; };
		5458C4B42C982A26007B7F27 /* NetworkManager.swift in Sources */ = {isa = PBXBuildFile; fileRef = 5458C4B32C982A26007B7F27 /* NetworkManager.swift */; };
		5458C4B72C982E6D007B7F27 /* ErrorCase.swift in Sources */ = {isa = PBXBuildFile; fileRef = 5458C4B62C982E6D007B7F27 /* ErrorCase.swift */; };
		5458C4BA2C9A86D9007B7F27 /* UIViewController+Ext.swift in Sources */ = {isa = PBXBuildFile; fileRef = 5458C4B92C9A86D8007B7F27 /* UIViewController+Ext.swift */; };
		5458C4BD2C9A9F07007B7F27 /* SDWebImage in Frameworks */ = {isa = PBXBuildFile; productRef = 5458C4BC2C9A9F07007B7F27 /* SDWebImage */; };
		5458C4C02C9ACD10007B7F27 /* ProductsViewController.swift in Sources */ = {isa = PBXBuildFile; fileRef = 5458C4BF2C9ACD10007B7F27 /* ProductsViewController.swift */; };
		5458C4C22C9BCAFF007B7F27 /* LoadingIndicatorManager.swift in Sources */ = {isa = PBXBuildFile; fileRef = 5458C4C12C9BCAFF007B7F27 /* LoadingIndicatorManager.swift */; };
		5458C4C42C9C1528007B7F27 /* ProductsCell.swift in Sources */ = {isa = PBXBuildFile; fileRef = 5458C4C32C9C1528007B7F27 /* ProductsCell.swift */; };
/* End PBXBuildFile section */

/* Begin PBXFileReference section */
		5458C48C2C9806F8007B7F27 /* ProductDemo.app */ = {isa = PBXFileReference; explicitFileType = wrapper.application; includeInIndex = 0; path = ProductDemo.app; sourceTree = BUILT_PRODUCTS_DIR; };
		5458C48F2C9806F8007B7F27 /* AppDelegate.swift */ = {isa = PBXFileReference; lastKnownFileType = sourcecode.swift; path = AppDelegate.swift; sourceTree = "<group>"; };
		5458C4912C9806F8007B7F27 /* SceneDelegate.swift */ = {isa = PBXFileReference; lastKnownFileType = sourcecode.swift; path = SceneDelegate.swift; sourceTree = "<group>"; };
		5458C4982C9806FA007B7F27 /* Assets.xcassets */ = {isa = PBXFileReference; lastKnownFileType = folder.assetcatalog; path = Assets.xcassets; sourceTree = "<group>"; };
		5458C49B2C9806FA007B7F27 /* Base */ = {isa = PBXFileReference; lastKnownFileType = file.storyboard; name = Base; path = Base.lproj/LaunchScreen.storyboard; sourceTree = "<group>"; };
		5458C49D2C9806FA007B7F27 /* Info.plist */ = {isa = PBXFileReference; lastKnownFileType = text.plist.xml; path = Info.plist; sourceTree = "<group>"; };
		5458C4A32C980845007B7F27 /* MainTabBarViewController.swift */ = {isa = PBXFileReference; lastKnownFileType = sourcecode.swift; path = MainTabBarViewController.swift; sourceTree = "<group>"; };
		5458C4A52C9809CE007B7F27 /* HomeViewController.swift */ = {isa = PBXFileReference; lastKnownFileType = sourcecode.swift; path = HomeViewController.swift; sourceTree = "<group>"; };
		5458C4A72C980A6B007B7F27 /* MemberViewController.swift */ = {isa = PBXFileReference; lastKnownFileType = sourcecode.swift; path = MemberViewController.swift; sourceTree = "<group>"; };
		5458C4A92C980B03007B7F27 /* CartViewController.swift */ = {isa = PBXFileReference; lastKnownFileType = sourcecode.swift; path = CartViewController.swift; sourceTree = "<group>"; };
		5458C4AD2C981D1F007B7F27 /* CategoriesCell.swift */ = {isa = PBXFileReference; lastKnownFileType = sourcecode.swift; path = CategoriesCell.swift; sourceTree = "<group>"; };
		5458C4B12C982926007B7F27 /* CategoryElement.swift */ = {isa = PBXFileReference; lastKnownFileType = sourcecode.swift; path = CategoryElement.swift; sourceTree = "<group>"; };
		5458C4B32C982A26007B7F27 /* NetworkManager.swift */ = {isa = PBXFileReference; lastKnownFileType = sourcecode.swift; path = NetworkManager.swift; sourceTree = "<group>"; };
		5458C4B62C982E6D007B7F27 /* ErrorCase.swift */ = {isa = PBXFileReference; lastKnownFileType = sourcecode.swift; path = ErrorCase.swift; sourceTree = "<group>"; };
		5458C4B92C9A86D8007B7F27 /* UIViewController+Ext.swift */ = {isa = PBXFileReference; lastKnownFileType = sourcecode.swift; path = "UIViewController+Ext.swift"; sourceTree = "<group>"; };
		5458C4BF2C9ACD10007B7F27 /* ProductsViewController.swift */ = {isa = PBXFileReference; lastKnownFileType = sourcecode.swift; path = ProductsViewController.swift; sourceTree = "<group>"; };
		5458C4C12C9BCAFF007B7F27 /* LoadingIndicatorManager.swift */ = {isa = PBXFileReference; lastKnownFileType = sourcecode.swift; path = LoadingIndicatorManager.swift; sourceTree = "<group>"; };
		5458C4C32C9C1528007B7F27 /* ProductsCell.swift */ = {isa = PBXFileReference; lastKnownFileType = sourcecode.swift; path = ProductsCell.swift; sourceTree = "<group>"; };
/* End PBXFileReference section */

/* Begin PBXFrameworksBuildPhase section */
		5458C4892C9806F8007B7F27 /* Frameworks */ = {
			isa = PBXFrameworksBuildPhase;
			buildActionMask = 2147483647;
			files = (
				5458C4BD2C9A9F07007B7F27 /* SDWebImage in Frameworks */,
			);
			runOnlyForDeploymentPostprocessing = 0;
		};
/* End PBXFrameworksBuildPhase section */

/* Begin PBXGroup section */
		5458C4832C9806F8007B7F27 = {
			isa = PBXGroup;
			children = (
				5458C48E2C9806F8007B7F27 /* ProductDemo */,
				5458C48D2C9806F8007B7F27 /* Products */,
			);
			sourceTree = "<group>";
		};
		5458C48D2C9806F8007B7F27 /* Products */ = {
			isa = PBXGroup;
			children = (
				5458C48C2C9806F8007B7F27 /* ProductDemo.app */,
			);
			name = Products;
			sourceTree = "<group>";
		};
		5458C48E2C9806F8007B7F27 /* ProductDemo */ = {
			isa = PBXGroup;
			children = (
				5458C4BE2C9ACCD1007B7F27 /* Screens */,
				5458C4B82C9A86AD007B7F27 /* Extensions */,
				5458C4B52C982E44007B7F27 /* Tool */,
				5458C4B02C98290D007B7F27 /* Model */,
				5458C4AF2C9827BD007B7F27 /* Managers */,
				5458C4AC2C981CD9007B7F27 /* Cell */,
				5458C4AB2C980E07007B7F27 /* Controller */,
				5458C48F2C9806F8007B7F27 /* AppDelegate.swift */,
				5458C4912C9806F8007B7F27 /* SceneDelegate.swift */,
				5458C4982C9806FA007B7F27 /* Assets.xcassets */,
				5458C49A2C9806FA007B7F27 /* LaunchScreen.storyboard */,
				5458C49D2C9806FA007B7F27 /* Info.plist */,
			);
			path = ProductDemo;
			sourceTree = "<group>";
		};
		5458C4AB2C980E07007B7F27 /* Controller */ = {
			isa = PBXGroup;
			children = (
				5458C4A32C980845007B7F27 /* MainTabBarViewController.swift */,
				5458C4A92C980B03007B7F27 /* CartViewController.swift */,
				5458C4A72C980A6B007B7F27 /* MemberViewController.swift */,
				5458C4A52C9809CE007B7F27 /* HomeViewController.swift */,
			);
			path = Controller;
			sourceTree = "<group>";
		};
		5458C4AC2C981CD9007B7F27 /* Cell */ = {
			isa = PBXGroup;
			children = (
				5458C4AD2C981D1F007B7F27 /* CategoriesCell.swift */,
				5458C4C32C9C1528007B7F27 /* ProductsCell.swift */,
			);
			path = Cell;
			sourceTree = "<group>";
		};
		5458C4AF2C9827BD007B7F27 /* Managers */ = {
			isa = PBXGroup;
			children = (
				5458C4B32C982A26007B7F27 /* NetworkManager.swift */,
			);
			path = Managers;
			sourceTree = "<group>";
		};
		5458C4B02C98290D007B7F27 /* Model */ = {
			isa = PBXGroup;
			children = (
				5458C4B12C982926007B7F27 /* CategoryElement.swift */,
			);
			path = Model;
			sourceTree = "<group>";
		};
		5458C4B52C982E44007B7F27 /* Tool */ = {
			isa = PBXGroup;
			children = (
				5458C4B62C982E6D007B7F27 /* ErrorCase.swift */,
				5458C4C12C9BCAFF007B7F27 /* LoadingIndicatorManager.swift */,
			);
			path = Tool;
			sourceTree = "<group>";
		};
		5458C4B82C9A86AD007B7F27 /* Extensions */ = {
			isa = PBXGroup;
			children = (
				5458C4B92C9A86D8007B7F27 /* UIViewController+Ext.swift */,
			);
			path = Extensions;
			sourceTree = "<group>";
		};
		5458C4BE2C9ACCD1007B7F27 /* Screens */ = {
			isa = PBXGroup;
			children = (
				5458C4BF2C9ACD10007B7F27 /* ProductsViewController.swift */,
			);
			path = Screens;
			sourceTree = "<group>";
		};
/* End PBXGroup section */

/* Begin PBXNativeTarget section */
		5458C48B2C9806F8007B7F27 /* ProductDemo */ = {
			isa = PBXNativeTarget;
			buildConfigurationList = 5458C4A02C9806FA007B7F27 /* Build configuration list for PBXNativeTarget "ProductDemo" */;
			buildPhases = (
				5458C4882C9806F8007B7F27 /* Sources */,
				5458C4892C9806F8007B7F27 /* Frameworks */,
				5458C48A2C9806F8007B7F27 /* Resources */,
			);
			buildRules = (
			);
			dependencies = (
			);
			name = ProductDemo;
			packageProductDependencies = (
				5458C4BC2C9A9F07007B7F27 /* SDWebImage */,
			);
			productName = ProductDemo;
			productReference = 5458C48C2C9806F8007B7F27 /* ProductDemo.app */;
			productType = "com.apple.product-type.application";
		};
/* End PBXNativeTarget section */

/* Begin PBXProject section */
		5458C4842C9806F8007B7F27 /* Project object */ = {
			isa = PBXProject;
			attributes = {
				BuildIndependentTargetsInParallel = 1;
				LastSwiftUpdateCheck = 1420;
				LastUpgradeCheck = 1420;
				TargetAttributes = {
					5458C48B2C9806F8007B7F27 = {
						CreatedOnToolsVersion = 14.2;
					};
				};
			};
			buildConfigurationList = 5458C4872C9806F8007B7F27 /* Build configuration list for PBXProject "ProductDemo" */;
			compatibilityVersion = "Xcode 14.0";
			developmentRegion = en;
			hasScannedForEncodings = 0;
			knownRegions = (
				en,
				Base,
			);
			mainGroup = 5458C4832C9806F8007B7F27;
			packageReferences = (
				5458C4BB2C9A9F07007B7F27 /* XCRemoteSwiftPackageReference "SDWebImage" */,
			);
			productRefGroup = 5458C48D2C9806F8007B7F27 /* Products */;
			projectDirPath = "";
			projectRoot = "";
			targets = (
				5458C48B2C9806F8007B7F27 /* ProductDemo */,
			);
		};
/* End PBXProject section */

/* Begin PBXResourcesBuildPhase section */
		5458C48A2C9806F8007B7F27 /* Resources */ = {
			isa = PBXResourcesBuildPhase;
			buildActionMask = 2147483647;
			files = (
				5458C49C2C9806FA007B7F27 /* LaunchScreen.storyboard in Resources */,
				5458C4992C9806FA007B7F27 /* Assets.xcassets in Resources */,
			);
			runOnlyForDeploymentPostprocessing = 0;
		};
/* End PBXResourcesBuildPhase section */

/* Begin PBXSourcesBuildPhase section */
		5458C4882C9806F8007B7F27 /* Sources */ = {
			isa = PBXSourcesBuildPhase;
			buildActionMask = 2147483647;
			files = (
				5458C4B42C982A26007B7F27 /* NetworkManager.swift in Sources */,
				5458C4A82C980A6B007B7F27 /* MemberViewController.swift in Sources */,
				5458C4B22C982926007B7F27 /* CategoryElement.swift in Sources */,
				5458C4BA2C9A86D9007B7F27 /* UIViewController+Ext.swift in Sources */,
				5458C4AE2C981D1F007B7F27 /* CategoriesCell.swift in Sources */,
				5458C4A62C9809CE007B7F27 /* HomeViewController.swift in Sources */,
				5458C4C02C9ACD10007B7F27 /* ProductsViewController.swift in Sources */,
				5458C4AA2C980B03007B7F27 /* CartViewController.swift in Sources */,
				5458C4A42C980845007B7F27 /* MainTabBarViewController.swift in Sources */,
				5458C4C42C9C1528007B7F27 /* ProductsCell.swift in Sources */,
				5458C4902C9806F8007B7F27 /* AppDelegate.swift in Sources */,
				5458C4B72C982E6D007B7F27 /* ErrorCase.swift in Sources */,
				5458C4C22C9BCAFF007B7F27 /* LoadingIndicatorManager.swift in Sources */,
				5458C4922C9806F8007B7F27 /* SceneDelegate.swift in Sources */,
			);
			runOnlyForDeploymentPostprocessing = 0;
		};
/* End PBXSourcesBuildPhase section */

/* Begin PBXVariantGroup section */
		5458C49A2C9806FA007B7F27 /* LaunchScreen.storyboard */ = {
			isa = PBXVariantGroup;
			children = (
				5458C49B2C9806FA007B7F27 /* Base */,
			);
			name = LaunchScreen.storyboard;
			sourceTree = "<group>";
		};
/* End PBXVariantGroup section */

/* Begin XCBuildConfiguration section */
		5458C49E2C9806FA007B7F27 /* Debug */ = {
			isa = XCBuildConfiguration;
			buildSettings = {
				ALWAYS_SEARCH_USER_PATHS = NO;
				CLANG_ANALYZER_NONNULL = YES;
				CLANG_ANALYZER_NUMBER_OBJECT_CONVERSION = YES_AGGRESSIVE;
				CLANG_CXX_LANGUAGE_STANDARD = "gnu++20";
				CLANG_ENABLE_MODULES = YES;
				CLANG_ENABLE_OBJC_ARC = YES;
				CLANG_ENABLE_OBJC_WEAK = YES;
				CLANG_WARN_BLOCK_CAPTURE_AUTORELEASING = YES;
				CLANG_WARN_BOOL_CONVERSION = YES;
				CLANG_WARN_COMMA = YES;
				CLANG_WARN_CONSTANT_CONVERSION = YES;
				CLANG_WARN_DEPRECATED_OBJC_IMPLEMENTATIONS = YES;
				CLANG_WARN_DIRECT_OBJC_ISA_USAGE = YES_ERROR;
				CLANG_WARN_DOCUMENTATION_COMMENTS = YES;
				CLANG_WARN_EMPTY_BODY = YES;
				CLANG_WARN_ENUM_CONVERSION = YES;
				CLANG_WARN_INFINITE_RECURSION = YES;
				CLANG_WARN_INT_CONVERSION = YES;
				CLANG_WARN_NON_LITERAL_NULL_CONVERSION = YES;
				CLANG_WARN_OBJC_IMPLICIT_RETAIN_SELF = YES;
				CLANG_WARN_OBJC_LITERAL_CONVERSION = YES;
				CLANG_WARN_OBJC_ROOT_CLASS = YES_ERROR;
				CLANG_WARN_QUOTED_INCLUDE_IN_FRAMEWORK_HEADER = YES;
				CLANG_WARN_RANGE_LOOP_ANALYSIS = YES;
				CLANG_WARN_STRICT_PROTOTYPES = YES;
				CLANG_WARN_SUSPICIOUS_MOVE = YES;
				CLANG_WARN_UNGUARDED_AVAILABILITY = YES_AGGRESSIVE;
				CLANG_WARN_UNREACHABLE_CODE = YES;
				CLANG_WARN__DUPLICATE_METHOD_MATCH = YES;
				COPY_PHASE_STRIP = NO;
				DEBUG_INFORMATION_FORMAT = dwarf;
				ENABLE_STRICT_OBJC_MSGSEND = YES;
				ENABLE_TESTABILITY = YES;
				GCC_C_LANGUAGE_STANDARD = gnu11;
				GCC_DYNAMIC_NO_PIC = NO;
				GCC_NO_COMMON_BLOCKS = YES;
				GCC_OPTIMIZATION_LEVEL = 0;
				GCC_PREPROCESSOR_DEFINITIONS = (
					"DEBUG=1",
					"$(inherited)",
				);
				GCC_WARN_64_TO_32_BIT_CONVERSION = YES;
				GCC_WARN_ABOUT_RETURN_TYPE = YES_ERROR;
				GCC_WARN_UNDECLARED_SELECTOR = YES;
				GCC_WARN_UNINITIALIZED_AUTOS = YES_AGGRESSIVE;
				GCC_WARN_UNUSED_FUNCTION = YES;
				GCC_WARN_UNUSED_VARIABLE = YES;
				IPHONEOS_DEPLOYMENT_TARGET = 16.2;
				MTL_ENABLE_DEBUG_INFO = INCLUDE_SOURCE;
				MTL_FAST_MATH = YES;
				ONLY_ACTIVE_ARCH = YES;
				SDKROOT = iphoneos;
				SWIFT_ACTIVE_COMPILATION_CONDITIONS = DEBUG;
				SWIFT_OPTIMIZATION_LEVEL = "-Onone";
			};
			name = Debug;
		};
		5458C49F2C9806FA007B7F27 /* Release */ = {
			isa = XCBuildConfiguration;
			buildSettings = {
				ALWAYS_SEARCH_USER_PATHS = NO;
				CLANG_ANALYZER_NONNULL = YES;
				CLANG_ANALYZER_NUMBER_OBJECT_CONVERSION = YES_AGGRESSIVE;
				CLANG_CXX_LANGUAGE_STANDARD = "gnu++20";
				CLANG_ENABLE_MODULES = YES;
				CLANG_ENABLE_OBJC_ARC = YES;
				CLANG_ENABLE_OBJC_WEAK = YES;
				CLANG_WARN_BLOCK_CAPTURE_AUTORELEASING = YES;
				CLANG_WARN_BOOL_CONVERSION = YES;
				CLANG_WARN_COMMA = YES;
				CLANG_WARN_CONSTANT_CONVERSION = YES;
				CLANG_WARN_DEPRECATED_OBJC_IMPLEMENTATIONS = YES;
				CLANG_WARN_DIRECT_OBJC_ISA_USAGE = YES_ERROR;
				CLANG_WARN_DOCUMENTATION_COMMENTS = YES;
				CLANG_WARN_EMPTY_BODY = YES;
				CLANG_WARN_ENUM_CONVERSION = YES;
				CLANG_WARN_INFINITE_RECURSION = YES;
				CLANG_WARN_INT_CONVERSION = YES;
				CLANG_WARN_NON_LITERAL_NULL_CONVERSION = YES;
				CLANG_WARN_OBJC_IMPLICIT_RETAIN_SELF = YES;
				CLANG_WARN_OBJC_LITERAL_CONVERSION = YES;
				CLANG_WARN_OBJC_ROOT_CLASS = YES_ERROR;
				CLANG_WARN_QUOTED_INCLUDE_IN_FRAMEWORK_HEADER = YES;
				CLANG_WARN_RANGE_LOOP_ANALYSIS = YES;
				CLANG_WARN_STRICT_PROTOTYPES = YES;
				CLANG_WARN_SUSPICIOUS_MOVE = YES;
				CLANG_WARN_UNGUARDED_AVAILABILITY = YES_AGGRESSIVE;
				CLANG_WARN_UNREACHABLE_CODE = YES;
				CLANG_WARN__DUPLICATE_METHOD_MATCH = YES;
				COPY_PHASE_STRIP = NO;
				DEBUG_INFORMATION_FORMAT = "dwarf-with-dsym";
				ENABLE_NS_ASSERTIONS = NO;
				ENABLE_STRICT_OBJC_MSGSEND = YES;
				GCC_C_LANGUAGE_STANDARD = gnu11;
				GCC_NO_COMMON_BLOCKS = YES;
				GCC_WARN_64_TO_32_BIT_CONVERSION = YES;
				GCC_WARN_ABOUT_RETURN_TYPE = YES_ERROR;
				GCC_WARN_UNDECLARED_SELECTOR = YES;
				GCC_WARN_UNINITIALIZED_AUTOS = YES_AGGRESSIVE;
				GCC_WARN_UNUSED_FUNCTION = YES;
				GCC_WARN_UNUSED_VARIABLE = YES;
				IPHONEOS_DEPLOYMENT_TARGET = 16.2;
				MTL_ENABLE_DEBUG_INFO = NO;
				MTL_FAST_MATH = YES;
				SDKROOT = iphoneos;
				SWIFT_COMPILATION_MODE = wholemodule;
				SWIFT_OPTIMIZATION_LEVEL = "-O";
				VALIDATE_PRODUCT = YES;
			};
			name = Release;
		};
		5458C4A12C9806FA007B7F27 /* Debug */ = {
			isa = XCBuildConfiguration;
			buildSettings = {
				ASSETCATALOG_COMPILER_APPICON_NAME = AppIcon;
				ASSETCATALOG_COMPILER_GLOBAL_ACCENT_COLOR_NAME = AccentColor;
				CODE_SIGN_STYLE = Automatic;
				CURRENT_PROJECT_VERSION = 1;
				DEVELOPMENT_TEAM = L4CDH35M36;
				GENERATE_INFOPLIST_FILE = YES;
				INFOPLIST_FILE = ProductDemo/Info.plist;
				INFOPLIST_KEY_UIApplicationSupportsIndirectInputEvents = YES;
				INFOPLIST_KEY_UILaunchStoryboardName = LaunchScreen;
				INFOPLIST_KEY_UIMainStoryboardFile = "";
				INFOPLIST_KEY_UISupportedInterfaceOrientations_iPad = "UIInterfaceOrientationPortrait UIInterfaceOrientationPortraitUpsideDown UIInterfaceOrientationLandscapeLeft UIInterfaceOrientationLandscapeRight";
				INFOPLIST_KEY_UISupportedInterfaceOrientations_iPhone = "UIInterfaceOrientationPortrait UIInterfaceOrientationLandscapeLeft UIInterfaceOrientationLandscapeRight";
				LD_RUNPATH_SEARCH_PATHS = (
					"$(inherited)",
					"@executable_path/Frameworks",
				);
				MARKETING_VERSION = 1.0;
				PRODUCT_BUNDLE_IDENTIFIER = co.markchen.ProductDemo;
				PRODUCT_NAME = "$(TARGET_NAME)";
				SUPPORTED_PLATFORMS = "iphoneos iphonesimulator";
				SUPPORTS_MACCATALYST = NO;
				SUPPORTS_MAC_DESIGNED_FOR_IPHONE_IPAD = NO;
				SWIFT_EMIT_LOC_STRINGS = YES;
				SWIFT_VERSION = 5.0;
				TARGETED_DEVICE_FAMILY = 1;
			};
			name = Debug;
		};
		5458C4A22C9806FA007B7F27 /* Release */ = {
			isa = XCBuildConfiguration;
			buildSettings = {
				ASSETCATALOG_COMPILER_APPICON_NAME = AppIcon;
				ASSETCATALOG_COMPILER_GLOBAL_ACCENT_COLOR_NAME = AccentColor;
				CODE_SIGN_STYLE = Automatic;
				CURRENT_PROJECT_VERSION = 1;
				DEVELOPMENT_TEAM = L4CDH35M36;
				GENERATE_INFOPLIST_FILE = YES;
				INFOPLIST_FILE = ProductDemo/Info.plist;
				INFOPLIST_KEY_UIApplicationSupportsIndirectInputEvents = YES;
				INFOPLIST_KEY_UILaunchStoryboardName = LaunchScreen;
				INFOPLIST_KEY_UIMainStoryboardFile = "";
				INFOPLIST_KEY_UISupportedInterfaceOrientations_iPad = "UIInterfaceOrientationPortrait UIInterfaceOrientationPortraitUpsideDown UIInterfaceOrientationLandscapeLeft UIInterfaceOrientationLandscapeRight";
				INFOPLIST_KEY_UISupportedInterfaceOrientations_iPhone = "UIInterfaceOrientationPortrait UIInterfaceOrientationLandscapeLeft UIInterfaceOrientationLandscapeRight";
				LD_RUNPATH_SEARCH_PATHS = (
					"$(inherited)",
					"@executable_path/Frameworks",
				);
				MARKETING_VERSION = 1.0;
				PRODUCT_BUNDLE_IDENTIFIER = co.markchen.ProductDemo;
				PRODUCT_NAME = "$(TARGET_NAME)";
				SUPPORTED_PLATFORMS = "iphoneos iphonesimulator";
				SUPPORTS_MACCATALYST = NO;
				SUPPORTS_MAC_DESIGNED_FOR_IPHONE_IPAD = NO;
				SWIFT_EMIT_LOC_STRINGS = YES;
				SWIFT_VERSION = 5.0;
				TARGETED_DEVICE_FAMILY = 1;
			};
			name = Release;
		};
/* End XCBuildConfiguration section */

/* Begin XCConfigurationList section */
		5458C4872C9806F8007B7F27 /* Build configuration list for PBXProject "ProductDemo" */ = {
			isa = XCConfigurationList;
			buildConfigurations = (
				5458C49E2C9806FA007B7F27 /* Debug */,
				5458C49F2C9806FA007B7F27 /* Release */,
			);
			defaultConfigurationIsVisible = 0;
			defaultConfigurationName = Release;
		};
		5458C4A02C9806FA007B7F27 /* Build configuration list for PBXNativeTarget "ProductDemo" */ = {
			isa = XCConfigurationList;
			buildConfigurations = (
				5458C4A12C9806FA007B7F27 /* Debug */,
				5458C4A22C9806FA007B7F27 /* Release */,
			);
			defaultConfigurationIsVisible = 0;
			defaultConfigurationName = Release;
		};
/* End XCConfigurationList section */

/* Begin XCRemoteSwiftPackageReference section */
		5458C4BB2C9A9F07007B7F27 /* XCRemoteSwiftPackageReference "SDWebImage" */ = {
			isa = XCRemoteSwiftPackageReference;
			repositoryURL = "https://github.com/SDWebImage/SDWebImage.git";
			requirement = {
				branch = master;
				kind = branch;
			};
		};
/* End XCRemoteSwiftPackageReference section */

/* Begin XCSwiftPackageProductDependency section */
		5458C4BC2C9A9F07007B7F27 /* SDWebImage */ = {
			isa = XCSwiftPackageProductDependency;
			package = 5458C4BB2C9A9F07007B7F27 /* XCRemoteSwiftPackageReference "SDWebImage" */;
			productName = SDWebImage;
		};
/* End XCSwiftPackageProductDependency section */
	};
	rootObject = 5458C4842C9806F8007B7F27 /* Project object */;
}
